
Microsoft Visual Studio Solution File, Format Version 12.00
# Visual Studio Version 16
VisualStudioVersion = 16.0.29409.12
MinimumVisualStudioVersion = 10.0.40219.1
Project("{9A19103F-16F7-4668-BE54-9A1E7A4F7556}") = "Jalisco.TimeTracker.API", "Jalisco.TimeTracker.API\Jalisco.TimeTracker.API.csproj", "{E7D102C5-4262-47EE-8F63-C90398605244}"
EndProject
Project("{9A19103F-16F7-4668-BE54-9A1E7A4F7556}") = "Jalisco.TimeTracker.Models", "Jalisco.TimeTracker.Models\Jalisco.TimeTracker.Models.csproj", "{98C37DAE-0070-4190-A796-6AE40A869DD8}"
EndProject
Project("{9A19103F-16F7-4668-BE54-9A1E7A4F7556}") = "Jalisco.TimeTracker.Tests", "Jalisco.TimeTracker.Tests\Jalisco.TimeTracker.Tests.csproj", "{66452464-4F5D-4B1C-89BF-8FBADF2191AE}"
EndProject
Project("{9A19103F-16F7-4668-BE54-9A1E7A4F7556}") = "GaussFramework.API", "..\..\GaussFramework\GaussCoreFramework\GaussFramework.API.csproj", "{CF69D83D-1A5D-40E5-A53A-269679461DCC}"
EndProject
Global
	GlobalSection(SolutionConfigurationPlatforms) = preSolution
		Debug|Any CPU = Debug|Any CPU
		Release|Any CPU = Release|Any CPU
	EndGlobalSection
	GlobalSection(ProjectConfigurationPlatforms) = postSolution
		{E7D102C5-4262-47EE-8F63-C90398605244}.Debug|Any CPU.ActiveCfg = Debug|Any CPU
		{E7D102C5-4262-47EE-8F63-C90398605244}.Debug|Any CPU.Build.0 = Debug|Any CPU
		{E7D102C5-4262-47EE-8F63-C90398605244}.Release|Any CPU.ActiveCfg = Release|Any CPU
		{E7D102C5-4262-47EE-8F63-C90398605244}.Release|Any CPU.Build.0 = Release|Any CPU
		{98C37DAE-0070-4190-A796-6AE40A869DD8}.Debug|Any CPU.ActiveCfg = Debug|Any CPU
		{98C37DAE-0070-4190-A796-6AE40A869DD8}.Debug|Any CPU.Build.0 = Debug|Any CPU
		{98C37DAE-0070-4190-A796-6AE40A869DD8}.Release|Any CPU.ActiveCfg = Release|Any CPU
		{98C37DAE-0070-4190-A796-6AE40A869DD8}.Release|Any CPU.Build.0 = Release|Any CPU
		{66452464-4F5D-4B1C-89BF-8FBADF2191AE}.Debug|Any CPU.ActiveCfg = Debug|Any CPU
		{66452464-4F5D-4B1C-89BF-8FBADF2191AE}.Debug|Any CPU.Build.0 = Debug|Any CPU
		{66452464-4F5D-4B1C-89BF-8FBADF2191AE}.Release|Any CPU.ActiveCfg = Release|Any CPU
		{66452464-4F5D-4B1C-89BF-8FBADF2191AE}.Release|Any CPU.Build.0 = Release|Any CPU
		{CF69D83D-1A5D-40E5-A53A-269679461DCC}.Debug|Any CPU.ActiveCfg = Debug|Any CPU
		{CF69D83D-1A5D-40E5-A53A-269679461DCC}.Debug|Any CPU.Build.0 = Debug|Any CPU
		{CF69D83D-1A5D-40E5-A53A-269679461DCC}.Release|Any CPU.ActiveCfg = Release|Any CPU
		{CF69D83D-1A5D-40E5-A53A-269679461DCC}.Release|Any CPU.Build.0 = Release|Any CPU
	EndGlobalSection
	GlobalSection(SolutionProperties) = preSolution
		HideSolutionNode = FALSE
	EndGlobalSection
	GlobalSection(ExtensibilityGlobals) = postSolution
		SolutionGuid = {36773B80-4A0D-441E-AEE0-2812DE742B73}
	EndGlobalSection
EndGlobal
